
Microsoft Visual Studio Solution File, Format Version 12.00
# Visual Studio 15
VisualStudioVersion = 15.0.28307.329
MinimumVisualStudioVersion = 10.0.40219.1
Project("{FAE04EC0-301F-11D3-BF4B-00C04F79EFBC}") = "Holamundo.Android", "Holamundo\Holamundo.Android\Holamundo.Android.csproj", "{4C86C829-F4CE-4A72-BD0B-416B48F9614C}"
EndProject
Project("{FAE04EC0-301F-11D3-BF4B-00C04F79EFBC}") = "Holamundo", "Holamundo\Holamundo\Holamundo.csproj", "{2CA78A28-CFA5-442B-ACE5-810E1C1568F1}"
EndProject
Global
	GlobalSection(SolutionConfigurationPlatforms) = preSolution
		Debug|Any CPU = Debug|Any CPU
		Release|Any CPU = Release|Any CPU
	EndGlobalSection
	GlobalSection(ProjectConfigurationPlatforms) = postSolution
		{4C86C829-F4CE-4A72-BD0B-416B48F9614C}.Debug|Any CPU.ActiveCfg = Debug|Any CPU
		{4C86C829-F4CE-4A72-BD0B-416B48F9614C}.Debug|Any CPU.Build.0 = Debug|Any CPU
		{4C86C829-F4CE-4A72-BD0B-416B48F9614C}.Debug|Any CPU.Deploy.0 = Debug|Any CPU
		{4C86C829-F4CE-4A72-BD0B-416B48F9614C}.Release|Any CPU.ActiveCfg = Release|Any CPU
		{4C86C829-F4CE-4A72-BD0B-416B48F9614C}.Release|Any CPU.Build.0 = Release|Any CPU
		{4C86C829-F4CE-4A72-BD0B-416B48F9614C}.Release|Any CPU.Deploy.0 = Release|Any CPU
		{2CA78A28-CFA5-442B-ACE5-810E1C1568F1}.Debug|Any CPU.ActiveCfg = Debug|Any CPU
		{2CA78A28-CFA5-442B-ACE5-810E1C1568F1}.Debug|Any CPU.Build.0 = Debug|Any CPU
		{2CA78A28-CFA5-442B-ACE5-810E1C1568F1}.Release|Any CPU.ActiveCfg = Release|Any CPU
		{2CA78A28-CFA5-442B-ACE5-810E1C1568F1}.Release|Any CPU.Build.0 = Release|Any CPU
	EndGlobalSection
	GlobalSection(SolutionProperties) = preSolution
		HideSolutionNode = FALSE
	EndGlobalSection
	GlobalSection(ExtensibilityGlobals) = postSolution
		SolutionGuid = {E089EC3F-B612-48B2-9389-C815A18CA020}
	EndGlobalSection
EndGlobal
