
Microsoft Visual Studio Solution File, Format Version 12.00
# Visual Studio 15
VisualStudioVersion = 15.0.28307.329
MinimumVisualStudioVersion = 10.0.40219.1
Project("{FAE04EC0-301F-11D3-BF4B-00C04F79EFBC}") = "cssinterno.html", "cssinterno.html\cssinterno.html.csproj", "{F3B9F0C8-6416-41D0-B074-B84DE6B27F6D}"
EndProject
Global
	GlobalSection(SolutionConfigurationPlatforms) = preSolution
		Debug|x86 = Debug|x86
	EndGlobalSection
	GlobalSection(ProjectConfigurationPlatforms) = postSolution
		{F3B9F0C8-6416-41D0-B074-B84DE6B27F6D}.Debug|x86.ActiveCfg = Debug|x86
		{F3B9F0C8-6416-41D0-B074-B84DE6B27F6D}.Debug|x86.Build.0 = Debug|x86
	EndGlobalSection
	GlobalSection(SolutionProperties) = preSolution
		HideSolutionNode = FALSE
	EndGlobalSection
	GlobalSection(ExtensibilityGlobals) = postSolution
		SolutionGuid = {B352BFD7-2DE9-40F0-9697-C9CE1EECE9E9}
	EndGlobalSection
EndGlobal
