
Microsoft Visual Studio Solution File, Format Version 12.00
# Visual Studio 15
VisualStudioVersion = 15.0.28307.329
MinimumVisualStudioVersion = 10.0.40219.1
Project("{FAE04EC0-301F-11D3-BF4B-00C04F79EFBC}") = "cinemaCore", "cinemaCore\cinemaCore.csproj", "{BFE9D785-A6CF-4DDF-9635-0BC6AB079B3C}"
EndProject
Global
	GlobalSection(SolutionConfigurationPlatforms) = preSolution
		Debug|Any CPU = Debug|Any CPU
		Release|Any CPU = Release|Any CPU
	EndGlobalSection
	GlobalSection(ProjectConfigurationPlatforms) = postSolution
		{BFE9D785-A6CF-4DDF-9635-0BC6AB079B3C}.Debug|Any CPU.ActiveCfg = Debug|Any CPU
		{BFE9D785-A6CF-4DDF-9635-0BC6AB079B3C}.Debug|Any CPU.Build.0 = Debug|Any CPU
		{BFE9D785-A6CF-4DDF-9635-0BC6AB079B3C}.Release|Any CPU.ActiveCfg = Release|Any CPU
		{BFE9D785-A6CF-4DDF-9635-0BC6AB079B3C}.Release|Any CPU.Build.0 = Release|Any CPU
	EndGlobalSection
	GlobalSection(SolutionProperties) = preSolution
		HideSolutionNode = FALSE
	EndGlobalSection
	GlobalSection(ExtensibilityGlobals) = postSolution
		SolutionGuid = {A3CF31AA-DACE-437B-BD08-D181B6F78C58}
	EndGlobalSection
EndGlobal
