
Microsoft Visual Studio Solution File, Format Version 12.00
# Visual Studio 15
VisualStudioVersion = 15.0.28307.329
MinimumVisualStudioVersion = 10.0.40219.1
Project("{FAE04EC0-301F-11D3-BF4B-00C04F79EFBC}") = "silleteria", "silleteria\silleteria.csproj", "{EF867F5F-AEBD-4814-B4C6-36AAAF844BE1}"
EndProject
Project("{FAE04EC0-301F-11D3-BF4B-00C04F79EFBC}") = "InterfazGrafica.Android", "InterfazGrafica\InterfazGrafica.Android\InterfazGrafica.Android.csproj", "{F3C3ACE3-6067-4BEF-89C8-8B38E3CE9EA8}"
EndProject
Project("{FAE04EC0-301F-11D3-BF4B-00C04F79EFBC}") = "InterfazGrafica", "InterfazGrafica\InterfazGrafica\InterfazGrafica.csproj", "{B8AFFC14-8E1C-42F4-BC41-A7E6AABC15D1}"
EndProject
Global
	GlobalSection(SolutionConfigurationPlatforms) = preSolution
		Debug|Any CPU = Debug|Any CPU
		Release|Any CPU = Release|Any CPU
	EndGlobalSection
	GlobalSection(ProjectConfigurationPlatforms) = postSolution
		{EF867F5F-AEBD-4814-B4C6-36AAAF844BE1}.Debug|Any CPU.ActiveCfg = Debug|Any CPU
		{EF867F5F-AEBD-4814-B4C6-36AAAF844BE1}.Debug|Any CPU.Build.0 = Debug|Any CPU
		{EF867F5F-AEBD-4814-B4C6-36AAAF844BE1}.Release|Any CPU.ActiveCfg = Release|Any CPU
		{EF867F5F-AEBD-4814-B4C6-36AAAF844BE1}.Release|Any CPU.Build.0 = Release|Any CPU
		{F3C3ACE3-6067-4BEF-89C8-8B38E3CE9EA8}.Debug|Any CPU.ActiveCfg = Debug|Any CPU
		{F3C3ACE3-6067-4BEF-89C8-8B38E3CE9EA8}.Debug|Any CPU.Build.0 = Debug|Any CPU
		{F3C3ACE3-6067-4BEF-89C8-8B38E3CE9EA8}.Debug|Any CPU.Deploy.0 = Debug|Any CPU
		{F3C3ACE3-6067-4BEF-89C8-8B38E3CE9EA8}.Release|Any CPU.ActiveCfg = Release|Any CPU
		{F3C3ACE3-6067-4BEF-89C8-8B38E3CE9EA8}.Release|Any CPU.Build.0 = Release|Any CPU
		{F3C3ACE3-6067-4BEF-89C8-8B38E3CE9EA8}.Release|Any CPU.Deploy.0 = Release|Any CPU
		{B8AFFC14-8E1C-42F4-BC41-A7E6AABC15D1}.Debug|Any CPU.ActiveCfg = Debug|Any CPU
		{B8AFFC14-8E1C-42F4-BC41-A7E6AABC15D1}.Debug|Any CPU.Build.0 = Debug|Any CPU
		{B8AFFC14-8E1C-42F4-BC41-A7E6AABC15D1}.Release|Any CPU.ActiveCfg = Release|Any CPU
		{B8AFFC14-8E1C-42F4-BC41-A7E6AABC15D1}.Release|Any CPU.Build.0 = Release|Any CPU
	EndGlobalSection
	GlobalSection(SolutionProperties) = preSolution
		HideSolutionNode = FALSE
	EndGlobalSection
	GlobalSection(ExtensibilityGlobals) = postSolution
		SolutionGuid = {20270308-EA4B-40B6-8239-01A8F11BF8F6}
	EndGlobalSection
EndGlobal
