
Microsoft Visual Studio Solution File, Format Version 12.00
# Visual Studio 15
VisualStudioVersion = 15.0.28307.329
MinimumVisualStudioVersion = 10.0.40219.1
Project("{FAE04EC0-301F-11D3-BF4B-00C04F79EFBC}") = "XAML2.Android", "XAML2\XAML2.Android\XAML2.Android.csproj", "{25E7AECB-9BC5-4ACA-B92D-8DFD33AF3969}"
EndProject
Project("{FAE04EC0-301F-11D3-BF4B-00C04F79EFBC}") = "XAML2", "XAML2\XAML2\XAML2.csproj", "{4DFA6B1D-DC65-4CA3-B510-58951FFBF550}"
EndProject
Global
	GlobalSection(SolutionConfigurationPlatforms) = preSolution
		Debug|Any CPU = Debug|Any CPU
		Release|Any CPU = Release|Any CPU
	EndGlobalSection
	GlobalSection(ProjectConfigurationPlatforms) = postSolution
		{25E7AECB-9BC5-4ACA-B92D-8DFD33AF3969}.Debug|Any CPU.ActiveCfg = Debug|Any CPU
		{25E7AECB-9BC5-4ACA-B92D-8DFD33AF3969}.Debug|Any CPU.Build.0 = Debug|Any CPU
		{25E7AECB-9BC5-4ACA-B92D-8DFD33AF3969}.Debug|Any CPU.Deploy.0 = Debug|Any CPU
		{25E7AECB-9BC5-4ACA-B92D-8DFD33AF3969}.Release|Any CPU.ActiveCfg = Release|Any CPU
		{25E7AECB-9BC5-4ACA-B92D-8DFD33AF3969}.Release|Any CPU.Build.0 = Release|Any CPU
		{25E7AECB-9BC5-4ACA-B92D-8DFD33AF3969}.Release|Any CPU.Deploy.0 = Release|Any CPU
		{4DFA6B1D-DC65-4CA3-B510-58951FFBF550}.Debug|Any CPU.ActiveCfg = Debug|Any CPU
		{4DFA6B1D-DC65-4CA3-B510-58951FFBF550}.Debug|Any CPU.Build.0 = Debug|Any CPU
		{4DFA6B1D-DC65-4CA3-B510-58951FFBF550}.Release|Any CPU.ActiveCfg = Release|Any CPU
		{4DFA6B1D-DC65-4CA3-B510-58951FFBF550}.Release|Any CPU.Build.0 = Release|Any CPU
	EndGlobalSection
	GlobalSection(SolutionProperties) = preSolution
		HideSolutionNode = FALSE
	EndGlobalSection
	GlobalSection(ExtensibilityGlobals) = postSolution
		SolutionGuid = {A1A3690B-D92E-4409-B690-5D7A40DEFB29}
	EndGlobalSection
EndGlobal
