
Microsoft Visual Studio Solution File, Format Version 12.00
# Visual Studio 15
VisualStudioVersion = 15.0.28307.329
MinimumVisualStudioVersion = 10.0.40219.1
Project("{FAE04EC0-301F-11D3-BF4B-00C04F79EFBC}") = "hmun", "hmun\hmun.csproj", "{FF911526-16EB-40C1-8743-CBCE3EE73106}"
EndProject
Global
	GlobalSection(SolutionConfigurationPlatforms) = preSolution
		Debug|Any CPU = Debug|Any CPU
		Release|Any CPU = Release|Any CPU
	EndGlobalSection
	GlobalSection(ProjectConfigurationPlatforms) = postSolution
		{FF911526-16EB-40C1-8743-CBCE3EE73106}.Debug|Any CPU.ActiveCfg = Debug|Any CPU
		{FF911526-16EB-40C1-8743-CBCE3EE73106}.Debug|Any CPU.Build.0 = Debug|Any CPU
		{FF911526-16EB-40C1-8743-CBCE3EE73106}.Debug|Any CPU.Deploy.0 = Debug|Any CPU
		{FF911526-16EB-40C1-8743-CBCE3EE73106}.Release|Any CPU.ActiveCfg = Release|Any CPU
		{FF911526-16EB-40C1-8743-CBCE3EE73106}.Release|Any CPU.Build.0 = Release|Any CPU
		{FF911526-16EB-40C1-8743-CBCE3EE73106}.Release|Any CPU.Deploy.0 = Release|Any CPU
	EndGlobalSection
	GlobalSection(SolutionProperties) = preSolution
		HideSolutionNode = FALSE
	EndGlobalSection
	GlobalSection(ExtensibilityGlobals) = postSolution
		SolutionGuid = {EA8140CE-4216-4230-95DE-1F7EFBF98B2E}
	EndGlobalSection
EndGlobal
