
Microsoft Visual Studio Solution File, Format Version 12.00
# Visual Studio 15
VisualStudioVersion = 15.0.28307.421
MinimumVisualStudioVersion = 10.0.40219.1
Project("{FAE04EC0-301F-11D3-BF4B-00C04F79EFBC}") = "CinemasS_A.Android", "CinemasS_A\CinemasS_A.Android\CinemasS_A.Android.csproj", "{E3F41FCF-FAB4-4BC8-A3A8-78CC6B6EBDFE}"
EndProject
Project("{FAE04EC0-301F-11D3-BF4B-00C04F79EFBC}") = "CinemasS_A.iOS", "CinemasS_A\CinemasS_A.iOS\CinemasS_A.iOS.csproj", "{A2F516F5-C0EC-4F10-8887-C36464B77968}"
EndProject
Project("{FAE04EC0-301F-11D3-BF4B-00C04F79EFBC}") = "CinemasS_A.UWP", "CinemasS_A\CinemasS_A.UWP\CinemasS_A.UWP.csproj", "{D9F489F0-8E1E-4D88-B5E0-D2FF310DC0CF}"
EndProject
Project("{FAE04EC0-301F-11D3-BF4B-00C04F79EFBC}") = "CinemasS_A", "CinemasS_A\CinemasS_A\CinemasS_A.csproj", "{EA13C9E5-8B3A-4CB8-9E5C-FD965EC8AC96}"
EndProject
Global
	GlobalSection(SolutionConfigurationPlatforms) = preSolution
		Ad-Hoc|Any CPU = Ad-Hoc|Any CPU
		Ad-Hoc|ARM = Ad-Hoc|ARM
		Ad-Hoc|iPhone = Ad-Hoc|iPhone
		Ad-Hoc|iPhoneSimulator = Ad-Hoc|iPhoneSimulator
		Ad-Hoc|x64 = Ad-Hoc|x64
		Ad-Hoc|x86 = Ad-Hoc|x86
		AppStore|Any CPU = AppStore|Any CPU
		AppStore|ARM = AppStore|ARM
		AppStore|iPhone = AppStore|iPhone
		AppStore|iPhoneSimulator = AppStore|iPhoneSimulator
		AppStore|x64 = AppStore|x64
		AppStore|x86 = AppStore|x86
		Debug|Any CPU = Debug|Any CPU
		Debug|ARM = Debug|ARM
		Debug|iPhone = Debug|iPhone
		Debug|iPhoneSimulator = Debug|iPhoneSimulator
		Debug|x64 = Debug|x64
		Debug|x86 = Debug|x86
		Release|Any CPU = Release|Any CPU
		Release|ARM = Release|ARM
		Release|iPhone = Release|iPhone
		Release|iPhoneSimulator = Release|iPhoneSimulator
		Release|x64 = Release|x64
		Release|x86 = Release|x86
	EndGlobalSection
	GlobalSection(ProjectConfigurationPlatforms) = postSolution
		{E3F41FCF-FAB4-4BC8-A3A8-78CC6B6EBDFE}.Ad-Hoc|Any CPU.ActiveCfg = Release|Any CPU
		{E3F41FCF-FAB4-4BC8-A3A8-78CC6B6EBDFE}.Ad-Hoc|Any CPU.Build.0 = Release|Any CPU
		{E3F41FCF-FAB4-4BC8-A3A8-78CC6B6EBDFE}.Ad-Hoc|Any CPU.Deploy.0 = Release|Any CPU
		{E3F41FCF-FAB4-4BC8-A3A8-78CC6B6EBDFE}.Ad-Hoc|ARM.ActiveCfg = Release|Any CPU
		{E3F41FCF-FAB4-4BC8-A3A8-78CC6B6EBDFE}.Ad-Hoc|ARM.Build.0 = Release|Any CPU
		{E3F41FCF-FAB4-4BC8-A3A8-78CC6B6EBDFE}.Ad-Hoc|ARM.Deploy.0 = Release|Any CPU
		{E3F41FCF-FAB4-4BC8-A3A8-78CC6B6EBDFE}.Ad-Hoc|iPhone.ActiveCfg = Release|Any CPU
		{E3F41FCF-FAB4-4BC8-A3A8-78CC6B6EBDFE}.Ad-Hoc|iPhone.Build.0 = Release|Any CPU
		{E3F41FCF-FAB4-4BC8-A3A8-78CC6B6EBDFE}.Ad-Hoc|iPhone.Deploy.0 = Release|Any CPU
		{E3F41FCF-FAB4-4BC8-A3A8-78CC6B6EBDFE}.Ad-Hoc|iPhoneSimulator.ActiveCfg = Release|Any CPU
		{E3F41FCF-FAB4-4BC8-A3A8-78CC6B6EBDFE}.Ad-Hoc|iPhoneSimulator.Build.0 = Release|Any CPU
		{E3F41FCF-FAB4-4BC8-A3A8-78CC6B6EBDFE}.Ad-Hoc|iPhoneSimulator.Deploy.0 = Release|Any CPU
		{E3F41FCF-FAB4-4BC8-A3A8-78CC6B6EBDFE}.Ad-Hoc|x64.ActiveCfg = Release|Any CPU
		{E3F41FCF-FAB4-4BC8-A3A8-78CC6B6EBDFE}.Ad-Hoc|x64.Build.0 = Release|Any CPU
		{E3F41FCF-FAB4-4BC8-A3A8-78CC6B6EBDFE}.Ad-Hoc|x64.Deploy.0 = Release|Any CPU
		{E3F41FCF-FAB4-4BC8-A3A8-78CC6B6EBDFE}.Ad-Hoc|x86.ActiveCfg = Release|Any CPU
		{E3F41FCF-FAB4-4BC8-A3A8-78CC6B6EBDFE}.Ad-Hoc|x86.Build.0 = Release|Any CPU
		{E3F41FCF-FAB4-4BC8-A3A8-78CC6B6EBDFE}.Ad-Hoc|x86.Deploy.0 = Release|Any CPU
		{E3F41FCF-FAB4-4BC8-A3A8-78CC6B6EBDFE}.AppStore|Any CPU.ActiveCfg = Release|Any CPU
		{E3F41FCF-FAB4-4BC8-A3A8-78CC6B6EBDFE}.AppStore|Any CPU.Build.0 = Release|Any CPU
		{E3F41FCF-FAB4-4BC8-A3A8-78CC6B6EBDFE}.AppStore|Any CPU.Deploy.0 = Release|Any CPU
		{E3F41FCF-FAB4-4BC8-A3A8-78CC6B6EBDFE}.AppStore|ARM.ActiveCfg = Release|Any CPU
		{E3F41FCF-FAB4-4BC8-A3A8-78CC6B6EBDFE}.AppStore|ARM.Build.0 = Release|Any CPU
		{E3F41FCF-FAB4-4BC8-A3A8-78CC6B6EBDFE}.AppStore|ARM.Deploy.0 = Release|Any CPU
		{E3F41FCF-FAB4-4BC8-A3A8-78CC6B6EBDFE}.AppStore|iPhone.ActiveCfg = Release|Any CPU
		{E3F41FCF-FAB4-4BC8-A3A8-78CC6B6EBDFE}.AppStore|iPhone.Build.0 = Release|Any CPU
		{E3F41FCF-FAB4-4BC8-A3A8-78CC6B6EBDFE}.AppStore|iPhone.Deploy.0 = Release|Any CPU
		{E3F41FCF-FAB4-4BC8-A3A8-78CC6B6EBDFE}.AppStore|iPhoneSimulator.ActiveCfg = Release|Any CPU
		{E3F41FCF-FAB4-4BC8-A3A8-78CC6B6EBDFE}.AppStore|iPhoneSimulator.Build.0 = Release|Any CPU
		{E3F41FCF-FAB4-4BC8-A3A8-78CC6B6EBDFE}.AppStore|iPhoneSimulator.Deploy.0 = Release|Any CPU
		{E3F41FCF-FAB4-4BC8-A3A8-78CC6B6EBDFE}.AppStore|x64.ActiveCfg = Release|Any CPU
		{E3F41FCF-FAB4-4BC8-A3A8-78CC6B6EBDFE}.AppStore|x64.Build.0 = Release|Any CPU
		{E3F41FCF-FAB4-4BC8-A3A8-78CC6B6EBDFE}.AppStore|x64.Deploy.0 = Release|Any CPU
		{E3F41FCF-FAB4-4BC8-A3A8-78CC6B6EBDFE}.AppStore|x86.ActiveCfg = Release|Any CPU
		{E3F41FCF-FAB4-4BC8-A3A8-78CC6B6EBDFE}.AppStore|x86.Build.0 = Release|Any CPU
		{E3F41FCF-FAB4-4BC8-A3A8-78CC6B6EBDFE}.AppStore|x86.Deploy.0 = Release|Any CPU
		{E3F41FCF-FAB4-4BC8-A3A8-78CC6B6EBDFE}.Debug|Any CPU.ActiveCfg = Debug|Any CPU
		{E3F41FCF-FAB4-4BC8-A3A8-78CC6B6EBDFE}.Debug|Any CPU.Build.0 = Debug|Any CPU
		{E3F41FCF-FAB4-4BC8-A3A8-78CC6B6EBDFE}.Debug|Any CPU.Deploy.0 = Debug|Any CPU
		{E3F41FCF-FAB4-4BC8-A3A8-78CC6B6EBDFE}.Debug|ARM.ActiveCfg = Debug|Any CPU
		{E3F41FCF-FAB4-4BC8-A3A8-78CC6B6EBDFE}.Debug|ARM.Build.0 = Debug|Any CPU
		{E3F41FCF-FAB4-4BC8-A3A8-78CC6B6EBDFE}.Debug|ARM.Deploy.0 = Debug|Any CPU
		{E3F41FCF-FAB4-4BC8-A3A8-78CC6B6EBDFE}.Debug|iPhone.ActiveCfg = Debug|Any CPU
		{E3F41FCF-FAB4-4BC8-A3A8-78CC6B6EBDFE}.Debug|iPhone.Build.0 = Debug|Any CPU
		{E3F41FCF-FAB4-4BC8-A3A8-78CC6B6EBDFE}.Debug|iPhone.Deploy.0 = Debug|Any CPU
		{E3F41FCF-FAB4-4BC8-A3A8-78CC6B6EBDFE}.Debug|iPhoneSimulator.ActiveCfg = Debug|Any CPU
		{E3F41FCF-FAB4-4BC8-A3A8-78CC6B6EBDFE}.Debug|iPhoneSimulator.Build.0 = Debug|Any CPU
		{E3F41FCF-FAB4-4BC8-A3A8-78CC6B6EBDFE}.Debug|iPhoneSimulator.Deploy.0 = Debug|Any CPU
		{E3F41FCF-FAB4-4BC8-A3A8-78CC6B6EBDFE}.Debug|x64.ActiveCfg = Debug|Any CPU
		{E3F41FCF-FAB4-4BC8-A3A8-78CC6B6EBDFE}.Debug|x64.Build.0 = Debug|Any CPU
		{E3F41FCF-FAB4-4BC8-A3A8-78CC6B6EBDFE}.Debug|x64.Deploy.0 = Debug|Any CPU
		{E3F41FCF-FAB4-4BC8-A3A8-78CC6B6EBDFE}.Debug|x86.ActiveCfg = Debug|Any CPU
		{E3F41FCF-FAB4-4BC8-A3A8-78CC6B6EBDFE}.Debug|x86.Build.0 = Debug|Any CPU
		{E3F41FCF-FAB4-4BC8-A3A8-78CC6B6EBDFE}.Debug|x86.Deploy.0 = Debug|Any CPU
		{E3F41FCF-FAB4-4BC8-A3A8-78CC6B6EBDFE}.Release|Any CPU.ActiveCfg = Release|Any CPU
		{E3F41FCF-FAB4-4BC8-A3A8-78CC6B6EBDFE}.Release|Any CPU.Build.0 = Release|Any CPU
		{E3F41FCF-FAB4-4BC8-A3A8-78CC6B6EBDFE}.Release|Any CPU.Deploy.0 = Release|Any CPU
		{E3F41FCF-FAB4-4BC8-A3A8-78CC6B6EBDFE}.Release|ARM.ActiveCfg = Release|Any CPU
		{E3F41FCF-FAB4-4BC8-A3A8-78CC6B6EBDFE}.Release|ARM.Build.0 = Release|Any CPU
		{E3F41FCF-FAB4-4BC8-A3A8-78CC6B6EBDFE}.Release|ARM.Deploy.0 = Release|Any CPU
		{E3F41FCF-FAB4-4BC8-A3A8-78CC6B6EBDFE}.Release|iPhone.ActiveCfg = Release|Any CPU
		{E3F41FCF-FAB4-4BC8-A3A8-78CC6B6EBDFE}.Release|iPhone.Build.0 = Release|Any CPU
		{E3F41FCF-FAB4-4BC8-A3A8-78CC6B6EBDFE}.Release|iPhone.Deploy.0 = Release|Any CPU
		{E3F41FCF-FAB4-4BC8-A3A8-78CC6B6EBDFE}.Release|iPhoneSimulator.ActiveCfg = Release|Any CPU
		{E3F41FCF-FAB4-4BC8-A3A8-78CC6B6EBDFE}.Release|iPhoneSimulator.Build.0 = Release|Any CPU
		{E3F41FCF-FAB4-4BC8-A3A8-78CC6B6EBDFE}.Release|iPhoneSimulator.Deploy.0 = Release|Any CPU
		{E3F41FCF-FAB4-4BC8-A3A8-78CC6B6EBDFE}.Release|x64.ActiveCfg = Release|Any CPU
		{E3F41FCF-FAB4-4BC8-A3A8-78CC6B6EBDFE}.Release|x64.Build.0 = Release|Any CPU
		{E3F41FCF-FAB4-4BC8-A3A8-78CC6B6EBDFE}.Release|x64.Deploy.0 = Release|Any CPU
		{E3F41FCF-FAB4-4BC8-A3A8-78CC6B6EBDFE}.Release|x86.ActiveCfg = Release|Any CPU
		{E3F41FCF-FAB4-4BC8-A3A8-78CC6B6EBDFE}.Release|x86.Build.0 = Release|Any CPU
		{E3F41FCF-FAB4-4BC8-A3A8-78CC6B6EBDFE}.Release|x86.Deploy.0 = Release|Any CPU
		{A2F516F5-C0EC-4F10-8887-C36464B77968}.Ad-Hoc|Any CPU.ActiveCfg = Ad-Hoc|iPhone
		{A2F516F5-C0EC-4F10-8887-C36464B77968}.Ad-Hoc|Any CPU.Build.0 = Ad-Hoc|iPhone
		{A2F516F5-C0EC-4F10-8887-C36464B77968}.Ad-Hoc|Any CPU.Deploy.0 = Ad-Hoc|iPhone
		{A2F516F5-C0EC-4F10-8887-C36464B77968}.Ad-Hoc|ARM.ActiveCfg = Ad-Hoc|iPhone
		{A2F516F5-C0EC-4F10-8887-C36464B77968}.Ad-Hoc|ARM.Build.0 = Ad-Hoc|iPhone
		{A2F516F5-C0EC-4F10-8887-C36464B77968}.Ad-Hoc|ARM.Deploy.0 = Ad-Hoc|iPhone
		{A2F516F5-C0EC-4F10-8887-C36464B77968}.Ad-Hoc|iPhone.ActiveCfg = Ad-Hoc|iPhone
		{A2F516F5-C0EC-4F10-8887-C36464B77968}.Ad-Hoc|iPhone.Build.0 = Ad-Hoc|iPhone
		{A2F516F5-C0EC-4F10-8887-C36464B77968}.Ad-Hoc|iPhone.Deploy.0 = Ad-Hoc|iPhone
		{A2F516F5-C0EC-4F10-8887-C36464B77968}.Ad-Hoc|iPhoneSimulator.ActiveCfg = Ad-Hoc|iPhoneSimulator
		{A2F516F5-C0EC-4F10-8887-C36464B77968}.Ad-Hoc|iPhoneSimulator.Build.0 = Ad-Hoc|iPhoneSimulator
		{A2F516F5-C0EC-4F10-8887-C36464B77968}.Ad-Hoc|iPhoneSimulator.Deploy.0 = Ad-Hoc|iPhoneSimulator
		{A2F516F5-C0EC-4F10-8887-C36464B77968}.Ad-Hoc|x64.ActiveCfg = Ad-Hoc|iPhone
		{A2F516F5-C0EC-4F10-8887-C36464B77968}.Ad-Hoc|x64.Build.0 = Ad-Hoc|iPhone
		{A2F516F5-C0EC-4F10-8887-C36464B77968}.Ad-Hoc|x64.Deploy.0 = Ad-Hoc|iPhone
		{A2F516F5-C0EC-4F10-8887-C36464B77968}.Ad-Hoc|x86.ActiveCfg = Ad-Hoc|iPhone
		{A2F516F5-C0EC-4F10-8887-C36464B77968}.Ad-Hoc|x86.Build.0 = Ad-Hoc|iPhone
		{A2F516F5-C0EC-4F10-8887-C36464B77968}.Ad-Hoc|x86.Deploy.0 = Ad-Hoc|iPhone
		{A2F516F5-C0EC-4F10-8887-C36464B77968}.AppStore|Any CPU.ActiveCfg = AppStore|iPhone
		{A2F516F5-C0EC-4F10-8887-C36464B77968}.AppStore|Any CPU.Build.0 = AppStore|iPhone
		{A2F516F5-C0EC-4F10-8887-C36464B77968}.AppStore|Any CPU.Deploy.0 = AppStore|iPhone
		{A2F516F5-C0EC-4F10-8887-C36464B77968}.AppStore|ARM.ActiveCfg = AppStore|iPhone
		{A2F516F5-C0EC-4F10-8887-C36464B77968}.AppStore|ARM.Build.0 = AppStore|iPhone
		{A2F516F5-C0EC-4F10-8887-C36464B77968}.AppStore|ARM.Deploy.0 = AppStore|iPhone
		{A2F516F5-C0EC-4F10-8887-C36464B77968}.AppStore|iPhone.ActiveCfg = AppStore|iPhone
		{A2F516F5-C0EC-4F10-8887-C36464B77968}.AppStore|iPhone.Build.0 = AppStore|iPhone
		{A2F516F5-C0EC-4F10-8887-C36464B77968}.AppStore|iPhone.Deploy.0 = AppStore|iPhone
		{A2F516F5-C0EC-4F10-8887-C36464B77968}.AppStore|iPhoneSimulator.ActiveCfg = AppStore|iPhoneSimulator
		{A2F516F5-C0EC-4F10-8887-C36464B77968}.AppStore|iPhoneSimulator.Build.0 = AppStore|iPhoneSimulator
		{A2F516F5-C0EC-4F10-8887-C36464B77968}.AppStore|iPhoneSimulator.Deploy.0 = AppStore|iPhoneSimulator
		{A2F516F5-C0EC-4F10-8887-C36464B77968}.AppStore|x64.ActiveCfg = AppStore|iPhone
		{A2F516F5-C0EC-4F10-8887-C36464B77968}.AppStore|x64.Build.0 = AppStore|iPhone
		{A2F516F5-C0EC-4F10-8887-C36464B77968}.AppStore|x64.Deploy.0 = AppStore|iPhone
		{A2F516F5-C0EC-4F10-8887-C36464B77968}.AppStore|x86.ActiveCfg = AppStore|iPhone
		{A2F516F5-C0EC-4F10-8887-C36464B77968}.AppStore|x86.Build.0 = AppStore|iPhone
		{A2F516F5-C0EC-4F10-8887-C36464B77968}.AppStore|x86.Deploy.0 = AppStore|iPhone
		{A2F516F5-C0EC-4F10-8887-C36464B77968}.Debug|Any CPU.ActiveCfg = Debug|iPhoneSimulator
		{A2F516F5-C0EC-4F10-8887-C36464B77968}.Debug|Any CPU.Build.0 = Debug|iPhoneSimulator
		{A2F516F5-C0EC-4F10-8887-C36464B77968}.Debug|Any CPU.Deploy.0 = Debug|iPhoneSimulator
		{A2F516F5-C0EC-4F10-8887-C36464B77968}.Debug|ARM.ActiveCfg = Debug|iPhone
		{A2F516F5-C0EC-4F10-8887-C36464B77968}.Debug|ARM.Build.0 = Debug|iPhone
		{A2F516F5-C0EC-4F10-8887-C36464B77968}.Debug|ARM.Deploy.0 = Debug|iPhone
		{A2F516F5-C0EC-4F10-8887-C36464B77968}.Debug|iPhone.ActiveCfg = Debug|iPhone
		{A2F516F5-C0EC-4F10-8887-C36464B77968}.Debug|iPhone.Build.0 = Debug|iPhone
		{A2F516F5-C0EC-4F10-8887-C36464B77968}.Debug|iPhone.Deploy.0 = Debug|iPhone
		{A2F516F5-C0EC-4F10-8887-C36464B77968}.Debug|iPhoneSimulator.ActiveCfg = Debug|iPhoneSimulator
		{A2F516F5-C0EC-4F10-8887-C36464B77968}.Debug|iPhoneSimulator.Build.0 = Debug|iPhoneSimulator
		{A2F516F5-C0EC-4F10-8887-C36464B77968}.Debug|iPhoneSimulator.Deploy.0 = Debug|iPhoneSimulator
		{A2F516F5-C0EC-4F10-8887-C36464B77968}.Debug|x64.ActiveCfg = Debug|iPhone
		{A2F516F5-C0EC-4F10-8887-C36464B77968}.Debug|x64.Build.0 = Debug|iPhone
		{A2F516F5-C0EC-4F10-8887-C36464B77968}.Debug|x64.Deploy.0 = Debug|iPhone
		{A2F516F5-C0EC-4F10-8887-C36464B77968}.Debug|x86.ActiveCfg = Debug|iPhone
		{A2F516F5-C0EC-4F10-8887-C36464B77968}.Debug|x86.Build.0 = Debug|iPhone
		{A2F516F5-C0EC-4F10-8887-C36464B77968}.Debug|x86.Deploy.0 = Debug|iPhone
		{A2F516F5-C0EC-4F10-8887-C36464B77968}.Release|Any CPU.ActiveCfg = Release|iPhone
		{A2F516F5-C0EC-4F10-8887-C36464B77968}.Release|Any CPU.Build.0 = Release|iPhone
		{A2F516F5-C0EC-4F10-8887-C36464B77968}.Release|Any CPU.Deploy.0 = Release|iPhone
		{A2F516F5-C0EC-4F10-8887-C36464B77968}.Release|ARM.ActiveCfg = Release|iPhone
		{A2F516F5-C0EC-4F10-8887-C36464B77968}.Release|ARM.Build.0 = Release|iPhone
		{A2F516F5-C0EC-4F10-8887-C36464B77968}.Release|ARM.Deploy.0 = Release|iPhone
		{A2F516F5-C0EC-4F10-8887-C36464B77968}.Release|iPhone.ActiveCfg = Release|iPhone
		{A2F516F5-C0EC-4F10-8887-C36464B77968}.Release|iPhone.Build.0 = Release|iPhone
		{A2F516F5-C0EC-4F10-8887-C36464B77968}.Release|iPhone.Deploy.0 = Release|iPhone
		{A2F516F5-C0EC-4F10-8887-C36464B77968}.Release|iPhoneSimulator.ActiveCfg = Release|iPhoneSimulator
		{A2F516F5-C0EC-4F10-8887-C36464B77968}.Release|iPhoneSimulator.Build.0 = Release|iPhoneSimulator
		{A2F516F5-C0EC-4F10-8887-C36464B77968}.Release|iPhoneSimulator.Deploy.0 = Release|iPhoneSimulator
		{A2F516F5-C0EC-4F10-8887-C36464B77968}.Release|x64.ActiveCfg = Release|iPhone
		{A2F516F5-C0EC-4F10-8887-C36464B77968}.Release|x64.Build.0 = Release|iPhone
		{A2F516F5-C0EC-4F10-8887-C36464B77968}.Release|x64.Deploy.0 = Release|iPhone
		{A2F516F5-C0EC-4F10-8887-C36464B77968}.Release|x86.ActiveCfg = Release|iPhone
		{A2F516F5-C0EC-4F10-8887-C36464B77968}.Release|x86.Build.0 = Release|iPhone
		{A2F516F5-C0EC-4F10-8887-C36464B77968}.Release|x86.Deploy.0 = Release|iPhone
		{D9F489F0-8E1E-4D88-B5E0-D2FF310DC0CF}.Ad-Hoc|Any CPU.ActiveCfg = Release|x86
		{D9F489F0-8E1E-4D88-B5E0-D2FF310DC0CF}.Ad-Hoc|Any CPU.Build.0 = Release|x86
		{D9F489F0-8E1E-4D88-B5E0-D2FF310DC0CF}.Ad-Hoc|Any CPU.Deploy.0 = Release|x86
		{D9F489F0-8E1E-4D88-B5E0-D2FF310DC0CF}.Ad-Hoc|ARM.ActiveCfg = Release|ARM
		{D9F489F0-8E1E-4D88-B5E0-D2FF310DC0CF}.Ad-Hoc|ARM.Build.0 = Release|ARM
		{D9F489F0-8E1E-4D88-B5E0-D2FF310DC0CF}.Ad-Hoc|ARM.Deploy.0 = Release|ARM
		{D9F489F0-8E1E-4D88-B5E0-D2FF310DC0CF}.Ad-Hoc|iPhone.ActiveCfg = Release|x86
		{D9F489F0-8E1E-4D88-B5E0-D2FF310DC0CF}.Ad-Hoc|iPhone.Build.0 = Release|x86
		{D9F489F0-8E1E-4D88-B5E0-D2FF310DC0CF}.Ad-Hoc|iPhone.Deploy.0 = Release|x86
		{D9F489F0-8E1E-4D88-B5E0-D2FF310DC0CF}.Ad-Hoc|iPhoneSimulator.ActiveCfg = Release|x86
		{D9F489F0-8E1E-4D88-B5E0-D2FF310DC0CF}.Ad-Hoc|iPhoneSimulator.Build.0 = Release|x86
		{D9F489F0-8E1E-4D88-B5E0-D2FF310DC0CF}.Ad-Hoc|iPhoneSimulator.Deploy.0 = Release|x86
		{D9F489F0-8E1E-4D88-B5E0-D2FF310DC0CF}.Ad-Hoc|x64.ActiveCfg = Release|x64
		{D9F489F0-8E1E-4D88-B5E0-D2FF310DC0CF}.Ad-Hoc|x64.Build.0 = Release|x64
		{D9F489F0-8E1E-4D88-B5E0-D2FF310DC0CF}.Ad-Hoc|x64.Deploy.0 = Release|x64
		{D9F489F0-8E1E-4D88-B5E0-D2FF310DC0CF}.Ad-Hoc|x86.ActiveCfg = Release|x86
		{D9F489F0-8E1E-4D88-B5E0-D2FF310DC0CF}.Ad-Hoc|x86.Build.0 = Release|x86
		{D9F489F0-8E1E-4D88-B5E0-D2FF310DC0CF}.Ad-Hoc|x86.Deploy.0 = Release|x86
		{D9F489F0-8E1E-4D88-B5E0-D2FF310DC0CF}.AppStore|Any CPU.ActiveCfg = Release|x86
		{D9F489F0-8E1E-4D88-B5E0-D2FF310DC0CF}.AppStore|Any CPU.Build.0 = Release|x86
		{D9F489F0-8E1E-4D88-B5E0-D2FF310DC0CF}.AppStore|Any CPU.Deploy.0 = Release|x86
		{D9F489F0-8E1E-4D88-B5E0-D2FF310DC0CF}.AppStore|ARM.ActiveCfg = Release|ARM
		{D9F489F0-8E1E-4D88-B5E0-D2FF310DC0CF}.AppStore|ARM.Build.0 = Release|ARM
		{D9F489F0-8E1E-4D88-B5E0-D2FF310DC0CF}.AppStore|ARM.Deploy.0 = Release|ARM
		{D9F489F0-8E1E-4D88-B5E0-D2FF310DC0CF}.AppStore|iPhone.ActiveCfg = Release|x86
		{D9F489F0-8E1E-4D88-B5E0-D2FF310DC0CF}.AppStore|iPhone.Build.0 = Release|x86
		{D9F489F0-8E1E-4D88-B5E0-D2FF310DC0CF}.AppStore|iPhone.Deploy.0 = Release|x86
		{D9F489F0-8E1E-4D88-B5E0-D2FF310DC0CF}.AppStore|iPhoneSimulator.ActiveCfg = Release|x86
		{D9F489F0-8E1E-4D88-B5E0-D2FF310DC0CF}.AppStore|iPhoneSimulator.Build.0 = Release|x86
		{D9F489F0-8E1E-4D88-B5E0-D2FF310DC0CF}.AppStore|iPhoneSimulator.Deploy.0 = Release|x86
		{D9F489F0-8E1E-4D88-B5E0-D2FF310DC0CF}.AppStore|x64.ActiveCfg = Release|x64
		{D9F489F0-8E1E-4D88-B5E0-D2FF310DC0CF}.AppStore|x64.Build.0 = Release|x64
		{D9F489F0-8E1E-4D88-B5E0-D2FF310DC0CF}.AppStore|x64.Deploy.0 = Release|x64
		{D9F489F0-8E1E-4D88-B5E0-D2FF310DC0CF}.AppStore|x86.ActiveCfg = Release|x86
		{D9F489F0-8E1E-4D88-B5E0-D2FF310DC0CF}.AppStore|x86.Build.0 = Release|x86
		{D9F489F0-8E1E-4D88-B5E0-D2FF310DC0CF}.AppStore|x86.Deploy.0 = Release|x86
		{D9F489F0-8E1E-4D88-B5E0-D2FF310DC0CF}.Debug|Any CPU.ActiveCfg = Debug|x86
		{D9F489F0-8E1E-4D88-B5E0-D2FF310DC0CF}.Debug|Any CPU.Build.0 = Debug|x86
		{D9F489F0-8E1E-4D88-B5E0-D2FF310DC0CF}.Debug|Any CPU.Deploy.0 = Debug|x86
		{D9F489F0-8E1E-4D88-B5E0-D2FF310DC0CF}.Debug|ARM.ActiveCfg = Debug|ARM
		{D9F489F0-8E1E-4D88-B5E0-D2FF310DC0CF}.Debug|ARM.Build.0 = Debug|ARM
		{D9F489F0-8E1E-4D88-B5E0-D2FF310DC0CF}.Debug|ARM.Deploy.0 = Debug|ARM
		{D9F489F0-8E1E-4D88-B5E0-D2FF310DC0CF}.Debug|iPhone.ActiveCfg = Debug|x86
		{D9F489F0-8E1E-4D88-B5E0-D2FF310DC0CF}.Debug|iPhone.Build.0 = Debug|x86
		{D9F489F0-8E1E-4D88-B5E0-D2FF310DC0CF}.Debug|iPhone.Deploy.0 = Debug|x86
		{D9F489F0-8E1E-4D88-B5E0-D2FF310DC0CF}.Debug|iPhoneSimulator.ActiveCfg = Debug|x86
		{D9F489F0-8E1E-4D88-B5E0-D2FF310DC0CF}.Debug|iPhoneSimulator.Build.0 = Debug|x86
		{D9F489F0-8E1E-4D88-B5E0-D2FF310DC0CF}.Debug|iPhoneSimulator.Deploy.0 = Debug|x86
		{D9F489F0-8E1E-4D88-B5E0-D2FF310DC0CF}.Debug|x64.ActiveCfg = Debug|x64
		{D9F489F0-8E1E-4D88-B5E0-D2FF310DC0CF}.Debug|x64.Build.0 = Debug|x64
		{D9F489F0-8E1E-4D88-B5E0-D2FF310DC0CF}.Debug|x64.Deploy.0 = Debug|x64
		{D9F489F0-8E1E-4D88-B5E0-D2FF310DC0CF}.Debug|x86.ActiveCfg = Debug|x86
		{D9F489F0-8E1E-4D88-B5E0-D2FF310DC0CF}.Debug|x86.Build.0 = Debug|x86
		{D9F489F0-8E1E-4D88-B5E0-D2FF310DC0CF}.Debug|x86.Deploy.0 = Debug|x86
		{D9F489F0-8E1E-4D88-B5E0-D2FF310DC0CF}.Release|Any CPU.ActiveCfg = Release|x86
		{D9F489F0-8E1E-4D88-B5E0-D2FF310DC0CF}.Release|Any CPU.Build.0 = Release|x86
		{D9F489F0-8E1E-4D88-B5E0-D2FF310DC0CF}.Release|Any CPU.Deploy.0 = Release|x86
		{D9F489F0-8E1E-4D88-B5E0-D2FF310DC0CF}.Release|ARM.ActiveCfg = Release|ARM
		{D9F489F0-8E1E-4D88-B5E0-D2FF310DC0CF}.Release|ARM.Build.0 = Release|ARM
		{D9F489F0-8E1E-4D88-B5E0-D2FF310DC0CF}.Release|ARM.Deploy.0 = Release|ARM
		{D9F489F0-8E1E-4D88-B5E0-D2FF310DC0CF}.Release|iPhone.ActiveCfg = Release|x86
		{D9F489F0-8E1E-4D88-B5E0-D2FF310DC0CF}.Release|iPhone.Build.0 = Release|x86
		{D9F489F0-8E1E-4D88-B5E0-D2FF310DC0CF}.Release|iPhone.Deploy.0 = Release|x86
		{D9F489F0-8E1E-4D88-B5E0-D2FF310DC0CF}.Release|iPhoneSimulator.ActiveCfg = Release|x86
		{D9F489F0-8E1E-4D88-B5E0-D2FF310DC0CF}.Release|iPhoneSimulator.Build.0 = Release|x86
		{D9F489F0-8E1E-4D88-B5E0-D2FF310DC0CF}.Release|iPhoneSimulator.Deploy.0 = Release|x86
		{D9F489F0-8E1E-4D88-B5E0-D2FF310DC0CF}.Release|x64.ActiveCfg = Release|x64
		{D9F489F0-8E1E-4D88-B5E0-D2FF310DC0CF}.Release|x64.Build.0 = Release|x64
		{D9F489F0-8E1E-4D88-B5E0-D2FF310DC0CF}.Release|x64.Deploy.0 = Release|x64
		{D9F489F0-8E1E-4D88-B5E0-D2FF310DC0CF}.Release|x86.ActiveCfg = Release|x86
		{D9F489F0-8E1E-4D88-B5E0-D2FF310DC0CF}.Release|x86.Build.0 = Release|x86
		{D9F489F0-8E1E-4D88-B5E0-D2FF310DC0CF}.Release|x86.Deploy.0 = Release|x86
		{EA13C9E5-8B3A-4CB8-9E5C-FD965EC8AC96}.Ad-Hoc|Any CPU.ActiveCfg = Debug|Any CPU
		{EA13C9E5-8B3A-4CB8-9E5C-FD965EC8AC96}.Ad-Hoc|Any CPU.Build.0 = Debug|Any CPU
		{EA13C9E5-8B3A-4CB8-9E5C-FD965EC8AC96}.Ad-Hoc|Any CPU.Deploy.0 = Debug|Any CPU
		{EA13C9E5-8B3A-4CB8-9E5C-FD965EC8AC96}.Ad-Hoc|ARM.ActiveCfg = Debug|Any CPU
		{EA13C9E5-8B3A-4CB8-9E5C-FD965EC8AC96}.Ad-Hoc|ARM.Build.0 = Debug|Any CPU
		{EA13C9E5-8B3A-4CB8-9E5C-FD965EC8AC96}.Ad-Hoc|ARM.Deploy.0 = Debug|Any CPU
		{EA13C9E5-8B3A-4CB8-9E5C-FD965EC8AC96}.Ad-Hoc|iPhone.ActiveCfg = Debug|Any CPU
		{EA13C9E5-8B3A-4CB8-9E5C-FD965EC8AC96}.Ad-Hoc|iPhone.Build.0 = Debug|Any CPU
		{EA13C9E5-8B3A-4CB8-9E5C-FD965EC8AC96}.Ad-Hoc|iPhone.Deploy.0 = Debug|Any CPU
		{EA13C9E5-8B3A-4CB8-9E5C-FD965EC8AC96}.Ad-Hoc|iPhoneSimulator.ActiveCfg = Debug|Any CPU
		{EA13C9E5-8B3A-4CB8-9E5C-FD965EC8AC96}.Ad-Hoc|iPhoneSimulator.Build.0 = Debug|Any CPU
		{EA13C9E5-8B3A-4CB8-9E5C-FD965EC8AC96}.Ad-Hoc|iPhoneSimulator.Deploy.0 = Debug|Any CPU
		{EA13C9E5-8B3A-4CB8-9E5C-FD965EC8AC96}.Ad-Hoc|x64.ActiveCfg = Debug|Any CPU
		{EA13C9E5-8B3A-4CB8-9E5C-FD965EC8AC96}.Ad-Hoc|x64.Build.0 = Debug|Any CPU
		{EA13C9E5-8B3A-4CB8-9E5C-FD965EC8AC96}.Ad-Hoc|x64.Deploy.0 = Debug|Any CPU
		{EA13C9E5-8B3A-4CB8-9E5C-FD965EC8AC96}.Ad-Hoc|x86.ActiveCfg = Debug|Any CPU
		{EA13C9E5-8B3A-4CB8-9E5C-FD965EC8AC96}.Ad-Hoc|x86.Build.0 = Debug|Any CPU
		{EA13C9E5-8B3A-4CB8-9E5C-FD965EC8AC96}.Ad-Hoc|x86.Deploy.0 = Debug|Any CPU
		{EA13C9E5-8B3A-4CB8-9E5C-FD965EC8AC96}.AppStore|Any CPU.ActiveCfg = Debug|Any CPU
		{EA13C9E5-8B3A-4CB8-9E5C-FD965EC8AC96}.AppStore|Any CPU.Build.0 = Debug|Any CPU
		{EA13C9E5-8B3A-4CB8-9E5C-FD965EC8AC96}.AppStore|Any CPU.Deploy.0 = Debug|Any CPU
		{EA13C9E5-8B3A-4CB8-9E5C-FD965EC8AC96}.AppStore|ARM.ActiveCfg = Debug|Any CPU
		{EA13C9E5-8B3A-4CB8-9E5C-FD965EC8AC96}.AppStore|ARM.Build.0 = Debug|Any CPU
		{EA13C9E5-8B3A-4CB8-9E5C-FD965EC8AC96}.AppStore|ARM.Deploy.0 = Debug|Any CPU
		{EA13C9E5-8B3A-4CB8-9E5C-FD965EC8AC96}.AppStore|iPhone.ActiveCfg = Debug|Any CPU
		{EA13C9E5-8B3A-4CB8-9E5C-FD965EC8AC96}.AppStore|iPhone.Build.0 = Debug|Any CPU
		{EA13C9E5-8B3A-4CB8-9E5C-FD965EC8AC96}.AppStore|iPhone.Deploy.0 = Debug|Any CPU
		{EA13C9E5-8B3A-4CB8-9E5C-FD965EC8AC96}.AppStore|iPhoneSimulator.ActiveCfg = Debug|Any CPU
		{EA13C9E5-8B3A-4CB8-9E5C-FD965EC8AC96}.AppStore|iPhoneSimulator.Build.0 = Debug|Any CPU
		{EA13C9E5-8B3A-4CB8-9E5C-FD965EC8AC96}.AppStore|iPhoneSimulator.Deploy.0 = Debug|Any CPU
		{EA13C9E5-8B3A-4CB8-9E5C-FD965EC8AC96}.AppStore|x64.ActiveCfg = Debug|Any CPU
		{EA13C9E5-8B3A-4CB8-9E5C-FD965EC8AC96}.AppStore|x64.Build.0 = Debug|Any CPU
		{EA13C9E5-8B3A-4CB8-9E5C-FD965EC8AC96}.AppStore|x64.Deploy.0 = Debug|Any CPU
		{EA13C9E5-8B3A-4CB8-9E5C-FD965EC8AC96}.AppStore|x86.ActiveCfg = Debug|Any CPU
		{EA13C9E5-8B3A-4CB8-9E5C-FD965EC8AC96}.AppStore|x86.Build.0 = Debug|Any CPU
		{EA13C9E5-8B3A-4CB8-9E5C-FD965EC8AC96}.AppStore|x86.Deploy.0 = Debug|Any CPU
		{EA13C9E5-8B3A-4CB8-9E5C-FD965EC8AC96}.Debug|Any CPU.ActiveCfg = Debug|Any CPU
		{EA13C9E5-8B3A-4CB8-9E5C-FD965EC8AC96}.Debug|Any CPU.Build.0 = Debug|Any CPU
		{EA13C9E5-8B3A-4CB8-9E5C-FD965EC8AC96}.Debug|Any CPU.Deploy.0 = Debug|Any CPU
		{EA13C9E5-8B3A-4CB8-9E5C-FD965EC8AC96}.Debug|ARM.ActiveCfg = Debug|Any CPU
		{EA13C9E5-8B3A-4CB8-9E5C-FD965EC8AC96}.Debug|ARM.Build.0 = Debug|Any CPU
		{EA13C9E5-8B3A-4CB8-9E5C-FD965EC8AC96}.Debug|ARM.Deploy.0 = Debug|Any CPU
		{EA13C9E5-8B3A-4CB8-9E5C-FD965EC8AC96}.Debug|iPhone.ActiveCfg = Debug|Any CPU
		{EA13C9E5-8B3A-4CB8-9E5C-FD965EC8AC96}.Debug|iPhone.Build.0 = Debug|Any CPU
		{EA13C9E5-8B3A-4CB8-9E5C-FD965EC8AC96}.Debug|iPhone.Deploy.0 = Debug|Any CPU
		{EA13C9E5-8B3A-4CB8-9E5C-FD965EC8AC96}.Debug|iPhoneSimulator.ActiveCfg = Debug|Any CPU
		{EA13C9E5-8B3A-4CB8-9E5C-FD965EC8AC96}.Debug|iPhoneSimulator.Build.0 = Debug|Any CPU
		{EA13C9E5-8B3A-4CB8-9E5C-FD965EC8AC96}.Debug|iPhoneSimulator.Deploy.0 = Debug|Any CPU
		{EA13C9E5-8B3A-4CB8-9E5C-FD965EC8AC96}.Debug|x64.ActiveCfg = Debug|Any CPU
		{EA13C9E5-8B3A-4CB8-9E5C-FD965EC8AC96}.Debug|x64.Build.0 = Debug|Any CPU
		{EA13C9E5-8B3A-4CB8-9E5C-FD965EC8AC96}.Debug|x64.Deploy.0 = Debug|Any CPU
		{EA13C9E5-8B3A-4CB8-9E5C-FD965EC8AC96}.Debug|x86.ActiveCfg = Debug|Any CPU
		{EA13C9E5-8B3A-4CB8-9E5C-FD965EC8AC96}.Debug|x86.Build.0 = Debug|Any CPU
		{EA13C9E5-8B3A-4CB8-9E5C-FD965EC8AC96}.Debug|x86.Deploy.0 = Debug|Any CPU
		{EA13C9E5-8B3A-4CB8-9E5C-FD965EC8AC96}.Release|Any CPU.ActiveCfg = Release|Any CPU
		{EA13C9E5-8B3A-4CB8-9E5C-FD965EC8AC96}.Release|Any CPU.Build.0 = Release|Any CPU
		{EA13C9E5-8B3A-4CB8-9E5C-FD965EC8AC96}.Release|Any CPU.Deploy.0 = Release|Any CPU
		{EA13C9E5-8B3A-4CB8-9E5C-FD965EC8AC96}.Release|ARM.ActiveCfg = Release|Any CPU
		{EA13C9E5-8B3A-4CB8-9E5C-FD965EC8AC96}.Release|ARM.Build.0 = Release|Any CPU
		{EA13C9E5-8B3A-4CB8-9E5C-FD965EC8AC96}.Release|ARM.Deploy.0 = Release|Any CPU
		{EA13C9E5-8B3A-4CB8-9E5C-FD965EC8AC96}.Release|iPhone.ActiveCfg = Release|Any CPU
		{EA13C9E5-8B3A-4CB8-9E5C-FD965EC8AC96}.Release|iPhone.Build.0 = Release|Any CPU
		{EA13C9E5-8B3A-4CB8-9E5C-FD965EC8AC96}.Release|iPhone.Deploy.0 = Release|Any CPU
		{EA13C9E5-8B3A-4CB8-9E5C-FD965EC8AC96}.Release|iPhoneSimulator.ActiveCfg = Release|Any CPU
		{EA13C9E5-8B3A-4CB8-9E5C-FD965EC8AC96}.Release|iPhoneSimulator.Build.0 = Release|Any CPU
		{EA13C9E5-8B3A-4CB8-9E5C-FD965EC8AC96}.Release|iPhoneSimulator.Deploy.0 = Release|Any CPU
		{EA13C9E5-8B3A-4CB8-9E5C-FD965EC8AC96}.Release|x64.ActiveCfg = Release|Any CPU
		{EA13C9E5-8B3A-4CB8-9E5C-FD965EC8AC96}.Release|x64.Build.0 = Release|Any CPU
		{EA13C9E5-8B3A-4CB8-9E5C-FD965EC8AC96}.Release|x64.Deploy.0 = Release|Any CPU
		{EA13C9E5-8B3A-4CB8-9E5C-FD965EC8AC96}.Release|x86.ActiveCfg = Release|Any CPU
		{EA13C9E5-8B3A-4CB8-9E5C-FD965EC8AC96}.Release|x86.Build.0 = Release|Any CPU
		{EA13C9E5-8B3A-4CB8-9E5C-FD965EC8AC96}.Release|x86.Deploy.0 = Release|Any CPU
	EndGlobalSection
	GlobalSection(SolutionProperties) = preSolution
		HideSolutionNode = FALSE
	EndGlobalSection
	GlobalSection(ExtensibilityGlobals) = postSolution
		SolutionGuid = {C4BAC8D2-A0F2-4827-A49D-A12823B83BAC}
	EndGlobalSection
EndGlobal
